// !$*UTF8*$!
{
	archiveVersion = 1;
	classes = {
	};
	objectVersion = 50;
	objects = {

/* Begin PBXBuildFile section */
		710432DA25812891001AF8B0 /* AppDelegate.swift in Sources */ = {isa = PBXBuildFile; fileRef = 710432D925812891001AF8B0 /* AppDelegate.swift */; };
		710432DC25812891001AF8B0 /* SceneDelegate.swift in Sources */ = {isa = PBXBuildFile; fileRef = 710432DB25812891001AF8B0 /* SceneDelegate.swift */; };
		710432DE25812891001AF8B0 /* ViewController.swift in Sources */ = {isa = PBXBuildFile; fileRef = 710432DD25812891001AF8B0 /* ViewController.swift */; };
		710432E125812891001AF8B0 /* Main.storyboard in Resources */ = {isa = PBXBuildFile; fileRef = 710432DF25812891001AF8B0 /* Main.storyboard */; };
		710432E325812898001AF8B0 /* Assets.xcassets in Resources */ = {isa = PBXBuildFile; fileRef = 710432E225812898001AF8B0 /* Assets.xcassets */; };
		710432E625812898001AF8B0 /* LaunchScreen.storyboard in Resources */ = {isa = PBXBuildFile; fileRef = 710432E425812898001AF8B0 /* LaunchScreen.storyboard */; };
		710432EF258129E7001AF8B0 /* CustomCell.swift in Sources */ = {isa = PBXBuildFile; fileRef = 710432EE258129E7001AF8B0 /* CustomCell.swift */; };
/* End PBXBuildFile section */

/* Begin PBXFileReference section */
		710432D625812891001AF8B0 /* TablViewWIthMVVM.app */ = {isa = PBXFileReference; explicitFileType = wrapper.application; includeInIndex = 0; path = TablViewWIthMVVM.app; sourceTree = BUILT_PRODUCTS_DIR; };
		710432D925812891001AF8B0 /* AppDelegate.swift */ = {isa = PBXFileReference; lastKnownFileType = sourcecode.swift; path = AppDelegate.swift; sourceTree = "<group>"; };
		710432DB25812891001AF8B0 /* SceneDelegate.swift */ = {isa = PBXFileReference; lastKnownFileType = sourcecode.swift; path = SceneDelegate.swift; sourceTree = "<group>"; };
		710432DD25812891001AF8B0 /* ViewController.swift */ = {isa = PBXFileReference; lastKnownFileType = sourcecode.swift; path = ViewController.swift; sourceTree = "<group>"; };
		710432E025812891001AF8B0 /* Base */ = {isa = PBXFileReference; lastKnownFileType = file.storyboard; name = Base; path = Base.lproj/Main.storyboard; sourceTree = "<group>"; };
		710432E225812898001AF8B0 /* Assets.xcassets */ = {isa = PBXFileReference; lastKnownFileType = folder.assetcatalog; path = Assets.xcassets; sourceTree = "<group>"; };
		710432E525812898001AF8B0 /* Base */ = {isa = PBXFileReference; lastKnownFileType = file.storyboard; name = Base; path = Base.lproj/LaunchScreen.storyboard; sourceTree = "<group>"; };
		710432E725812898001AF8B0 /* Info.plist */ = {isa = PBXFileReference; lastKnownFileType = text.plist.xml; path = Info.plist; sourceTree = "<group>"; };
		710432EE258129E7001AF8B0 /* CustomCell.swift */ = {isa = PBXFileReference; lastKnownFileType = sourcecode.swift; path = CustomCell.swift; sourceTree = "<group>"; };
/* End PBXFileReference section */

/* Begin PBXFrameworksBuildPhase section */
		710432D325812890001AF8B0 /* Frameworks */ = {
			isa = PBXFrameworksBuildPhase;
			buildActionMask = 2147483647;
			files = (
			);
			runOnlyForDeploymentPostprocessing = 0;
		};
/* End PBXFrameworksBuildPhase section */

/* Begin PBXGroup section */
		710432CD25812890001AF8B0 = {
			isa = PBXGroup;
			children = (
				710432D825812891001AF8B0 /* TablViewWIthMVVM */,
				710432D725812891001AF8B0 /* Products */,
			);
			sourceTree = "<group>";
		};
		710432D725812891001AF8B0 /* Products */ = {
			isa = PBXGroup;
			children = (
				710432D625812891001AF8B0 /* TablViewWIthMVVM.app */,
			);
			name = Products;
			sourceTree = "<group>";
		};
		710432D825812891001AF8B0 /* TablViewWIthMVVM */ = {
			isa = PBXGroup;
			children = (
				710432D925812891001AF8B0 /* AppDelegate.swift */,
				710432DB25812891001AF8B0 /* SceneDelegate.swift */,
				710432DD25812891001AF8B0 /* ViewController.swift */,
				710432EE258129E7001AF8B0 /* CustomCell.swift */,
				710432DF25812891001AF8B0 /* Main.storyboard */,
				710432E225812898001AF8B0 /* Assets.xcassets */,
				710432E425812898001AF8B0 /* LaunchScreen.storyboard */,
				710432E725812898001AF8B0 /* Info.plist */,
			);
			path = TablViewWIthMVVM;
			sourceTree = "<group>";
		};
/* End PBXGroup section */

/* Begin PBXNativeTarget section */
		710432D525812890001AF8B0 /* TablViewWIthMVVM */ = {
			isa = PBXNativeTarget;
			buildConfigurationList = 710432EA25812898001AF8B0 /* Build configuration list for PBXNativeTarget "TablViewWIthMVVM" */;
			buildPhases = (
				710432D225812890001AF8B0 /* Sources */,
				710432D325812890001AF8B0 /* Frameworks */,
				710432D425812890001AF8B0 /* Resources */,
			);
			buildRules = (
			);
			dependencies = (
			);
			name = TablViewWIthMVVM;
			productName = TablViewWIthMVVM;
			productReference = 710432D625812891001AF8B0 /* TablViewWIthMVVM.app */;
			productType = "com.apple.product-type.application";
		};
/* End PBXNativeTarget section */

/* Begin PBXProject section */
		710432CE25812890001AF8B0 /* Project object */ = {
			isa = PBXProject;
			attributes = {
				LastSwiftUpdateCheck = 1210;
				LastUpgradeCheck = 1210;
				TargetAttributes = {
					710432D525812890001AF8B0 = {
						CreatedOnToolsVersion = 12.1;
					};
				};
			};
			buildConfigurationList = 710432D125812890001AF8B0 /* Build configuration list for PBXProject "TablViewWIthMVVM" */;
			compatibilityVersion = "Xcode 9.3";
			developmentRegion = en;
			hasScannedForEncodings = 0;
			knownRegions = (
				en,
				Base,
			);
			mainGroup = 710432CD25812890001AF8B0;
			productRefGroup = 710432D725812891001AF8B0 /* Products */;
			projectDirPath = "";
			projectRoot = "";
			targets = (
				710432D525812890001AF8B0 /* TablViewWIthMVVM */,
			);
		};
/* End PBXProject section */

/* Begin PBXResourcesBuildPhase section */
		710432D425812890001AF8B0 /* Resources */ = {
			isa = PBXResourcesBuildPhase;
			buildActionMask = 2147483647;
			files = (
				710432E625812898001AF8B0 /* LaunchScreen.storyboard in Resources */,
				710432E325812898001AF8B0 /* Assets.xcassets in Resources */,
				710432E125812891001AF8B0 /* Main.storyboard in Resources */,
			);
			runOnlyForDeploymentPostprocessing = 0;
		};
/* End PBXResourcesBuildPhase section */

/* Begin PBXSourcesBuildPhase section */
		710432D225812890001AF8B0 /* Sources */ = {
			isa = PBXSourcesBuildPhase;
			buildActionMask = 2147483647;
			files = (
				710432DE25812891001AF8B0 /* ViewController.swift in Sources */,
				710432DA25812891001AF8B0 /* AppDelegate.swift in Sources */,
				710432EF258129E7001AF8B0 /* CustomCell.swift in Sources */,
				710432DC25812891001AF8B0 /* SceneDelegate.swift in Sources */,
			);
			runOnlyForDeploymentPostprocessing = 0;
		};
/* End PBXSourcesBuildPhase section */

/* Begin PBXVariantGroup section */
		710432DF25812891001AF8B0 /* Main.storyboard */ = {
			isa = PBXVariantGroup;
			children = (
				710432E025812891001AF8B0 /* Base */,
			);
			name = Main.storyboard;
			sourceTree = "<group>";
		};
		710432E425812898001AF8B0 /* LaunchScreen.storyboard */ = {
			isa = PBXVariantGroup;
			children = (
				710432E525812898001AF8B0 /* Base */,
			);
			name = LaunchScreen.storyboard;
			sourceTree = "<group>";
		};
/* End PBXVariantGroup section */

/* Begin XCBuildConfiguration section */
		710432E825812898001AF8B0 /* Debug */ = {
			isa = XCBuildConfiguration;
			buildSettings = {
				ALWAYS_SEARCH_USER_PATHS = NO;
				CLANG_ANALYZER_NONNULL = YES;
				CLANG_ANALYZER_NUMBER_OBJECT_CONVERSION = YES_AGGRESSIVE;
				CLANG_CXX_LANGUAGE_STANDARD = "gnu++14";
				CLANG_CXX_LIBRARY = "libc++";
				CLANG_ENABLE_MODULES = YES;
				CLANG_ENABLE_OBJC_ARC = YES;
				CLANG_ENABLE_OBJC_WEAK = YES;
				CLANG_WARN_BLOCK_CAPTURE_AUTORELEASING = YES;
				CLANG_WARN_BOOL_CONVERSION = YES;
				CLANG_WARN_COMMA = YES;
				CLANG_WARN_CONSTANT_CONVERSION = YES;
				CLANG_WARN_DEPRECATED_OBJC_IMPLEMENTATIONS = YES;
				CLANG_WARN_DIRECT_OBJC_ISA_USAGE = YES_ERROR;
				CLANG_WARN_DOCUMENTATION_COMMENTS = YES;
				CLANG_WARN_EMPTY_BODY = YES;
				CLANG_WARN_ENUM_CONVERSION = YES;
				CLANG_WARN_INFINITE_RECURSION = YES;
				CLANG_WARN_INT_CONVERSION = YES;
				CLANG_WARN_NON_LITERAL_NULL_CONVERSION = YES;
				CLANG_WARN_OBJC_IMPLICIT_RETAIN_SELF = YES;
				CLANG_WARN_OBJC_LITERAL_CONVERSION = YES;
				CLANG_WARN_OBJC_ROOT_CLASS = YES_ERROR;
				CLANG_WARN_QUOTED_INCLUDE_IN_FRAMEWORK_HEADER = YES;
				CLANG_WARN_RANGE_LOOP_ANALYSIS = YES;
				CLANG_WARN_STRICT_PROTOTYPES = YES;
				CLANG_WARN_SUSPICIOUS_MOVE = YES;
				CLANG_WARN_UNGUARDED_AVAILABILITY = YES_AGGRESSIVE;
				CLANG_WARN_UNREACHABLE_CODE = YES;
				CLANG_WARN__DUPLICATE_METHOD_MATCH = YES;
				COPY_PHASE_STRIP = NO;
				DEBUG_INFORMATION_FORMAT = dwarf;
				ENABLE_STRICT_OBJC_MSGSEND = YES;
				ENABLE_TESTABILITY = YES;
				GCC_C_LANGUAGE_STANDARD = gnu11;
				GCC_DYNAMIC_NO_PIC = NO;
				GCC_NO_COMMON_BLOCKS = YES;
				GCC_OPTIMIZATION_LEVEL = 0;
				GCC_PREPROCESSOR_DEFINITIONS = (
					"DEBUG=1",
					"$(inherited)",
				);
				GCC_WARN_64_TO_32_BIT_CONVERSION = YES;
				GCC_WARN_ABOUT_RETURN_TYPE = YES_ERROR;
				GCC_WARN_UNDECLARED_SELECTOR = YES;
				GCC_WARN_UNINITIALIZED_AUTOS = YES_AGGRESSIVE;
				GCC_WARN_UNUSED_FUNCTION = YES;
				GCC_WARN_UNUSED_VARIABLE = YES;
				IPHONEOS_DEPLOYMENT_TARGET = 14.1;
				MTL_ENABLE_DEBUG_INFO = INCLUDE_SOURCE;
				MTL_FAST_MATH = YES;
				ONLY_ACTIVE_ARCH = YES;
				SDKROOT = iphoneos;
				SWIFT_ACTIVE_COMPILATION_CONDITIONS = DEBUG;
				SWIFT_OPTIMIZATION_LEVEL = "-Onone";
			};
			name = Debug;
		};
		710432E925812898001AF8B0 /* Release */ = {
			isa = XCBuildConfiguration;
			buildSettings = {
				ALWAYS_SEARCH_USER_PATHS = NO;
				CLANG_ANALYZER_NONNULL = YES;
				CLANG_ANALYZER_NUMBER_OBJECT_CONVERSION = YES_AGGRESSIVE;
				CLANG_CXX_LANGUAGE_STANDARD = "gnu++14";
				CLANG_CXX_LIBRARY = "libc++";
				CLANG_ENABLE_MODULES = YES;
				CLANG_ENABLE_OBJC_ARC = YES;
				CLANG_ENABLE_OBJC_WEAK = YES;
				CLANG_WARN_BLOCK_CAPTURE_AUTORELEASING = YES;
				CLANG_WARN_BOOL_CONVERSION = YES;
				CLANG_WARN_COMMA = YES;
				CLANG_WARN_CONSTANT_CONVERSION = YES;
				CLANG_WARN_DEPRECATED_OBJC_IMPLEMENTATIONS = YES;
				CLANG_WARN_DIRECT_OBJC_ISA_USAGE = YES_ERROR;
				CLANG_WARN_DOCUMENTATION_COMMENTS = YES;
				CLANG_WARN_EMPTY_BODY = YES;
				CLANG_WARN_ENUM_CONVERSION = YES;
				CLANG_WARN_INFINITE_RECURSION = YES;
				CLANG_WARN_INT_CONVERSION = YES;
				CLANG_WARN_NON_LITERAL_NULL_CONVERSION = YES;
				CLANG_WARN_OBJC_IMPLICIT_RETAIN_SELF = YES;
				CLANG_WARN_OBJC_LITERAL_CONVERSION = YES;
				CLANG_WARN_OBJC_ROOT_CLASS = YES_ERROR;
				CLANG_WARN_QUOTED_INCLUDE_IN_FRAMEWORK_HEADER = YES;
				CLANG_WARN_RANGE_LOOP_ANALYSIS = YES;
				CLANG_WARN_STRICT_PROTOTYPES = YES;
				CLANG_WARN_SUSPICIOUS_MOVE = YES;
				CLANG_WARN_UNGUARDED_AVAILABILITY = YES_AGGRESSIVE;
				CLANG_WARN_UNREACHABLE_CODE = YES;
				CLANG_WARN__DUPLICATE_METHOD_MATCH = YES;
				COPY_PHASE_STRIP = NO;
				DEBUG_INFORMATION_FORMAT = "dwarf-with-dsym";
				ENABLE_NS_ASSERTIONS = NO;
				ENABLE_STRICT_OBJC_MSGSEND = YES;
				GCC_C_LANGUAGE_STANDARD = gnu11;
				GCC_NO_COMMON_BLOCKS = YES;
				GCC_WARN_64_TO_32_BIT_CONVERSION = YES;
				GCC_WARN_ABOUT_RETURN_TYPE = YES_ERROR;
				GCC_WARN_UNDECLARED_SELECTOR = YES;
				GCC_WARN_UNINITIALIZED_AUTOS = YES_AGGRESSIVE;
				GCC_WARN_UNUSED_FUNCTION = YES;
				GCC_WARN_UNUSED_VARIABLE = YES;
				IPHONEOS_DEPLOYMENT_TARGET = 14.1;
				MTL_ENABLE_DEBUG_INFO = NO;
				MTL_FAST_MATH = YES;
				SDKROOT = iphoneos;
				SWIFT_COMPILATION_MODE = wholemodule;
				SWIFT_OPTIMIZATION_LEVEL = "-O";
				VALIDATE_PRODUCT = YES;
			};
			name = Release;
		};
		710432EB25812898001AF8B0 /* Debug */ = {
			isa = XCBuildConfiguration;
			buildSettings = {
				ASSETCATALOG_COMPILER_APPICON_NAME = AppIcon;
				ASSETCATALOG_COMPILER_GLOBAL_ACCENT_COLOR_NAME = AccentColor;
				CODE_SIGN_STYLE = Automatic;
				INFOPLIST_FILE = TablViewWIthMVVM/Info.plist;
				LD_RUNPATH_SEARCH_PATHS = (
					"$(inherited)",
					"@executable_path/Frameworks",
				);
				PRODUCT_BUNDLE_IDENTIFIER = Zepiah.TablViewWIthMVVM;
				PRODUCT_NAME = "$(TARGET_NAME)";
				SWIFT_VERSION = 5.0;
				TARGETED_DEVICE_FAMILY = "1,2";
			};
			name = Debug;
		};
		710432EC25812898001AF8B0 /* Release */ = {
			isa = XCBuildConfiguration;
			buildSettings = {
				ASSETCATALOG_COMPILER_APPICON_NAME = AppIcon;
				ASSETCATALOG_COMPILER_GLOBAL_ACCENT_COLOR_NAME = AccentColor;
				CODE_SIGN_STYLE = Automatic;
				INFOPLIST_FILE = TablViewWIthMVVM/Info.plist;
				LD_RUNPATH_SEARCH_PATHS = (
					"$(inherited)",
					"@executable_path/Frameworks",
				);
				PRODUCT_BUNDLE_IDENTIFIER = Zepiah.TablViewWIthMVVM;
				PRODUCT_NAME = "$(TARGET_NAME)";
				SWIFT_VERSION = 5.0;
				TARGETED_DEVICE_FAMILY = "1,2";
			};
			name = Release;
		};
/* End XCBuildConfiguration section */

/* Begin XCConfigurationList section */
		710432D125812890001AF8B0 /* Build configuration list for PBXProject "TablViewWIthMVVM" */ = {
			isa = XCConfigurationList;
			buildConfigurations = (
				710432E825812898001AF8B0 /* Debug */,
				710432E925812898001AF8B0 /* Release */,
			);
			defaultConfigurationIsVisible = 0;
			defaultConfigurationName = Release;
		};
		710432EA25812898001AF8B0 /* Build configuration list for PBXNativeTarget "TablViewWIthMVVM" */ = {
			isa = XCConfigurationList;
			buildConfigurations = (
				710432EB25812898001AF8B0 /* Debug */,
				710432EC25812898001AF8B0 /* Release */,
			);
			defaultConfigurationIsVisible = 0;
			defaultConfigurationName = Release;
		};
/* End XCConfigurationList section */
	};
	rootObject = 710432CE25812890001AF8B0 /* Project object */;
}
