// !$*UTF8*$!
{
	archiveVersion = 1;
	classes = {
	};
	objectVersion = 51;
	objects = {

/* Begin PBXBuildFile section */
		71999330259E7A8F0000AA26 /* AppDelegate.swift in Sources */ = {isa = PBXBuildFile; fileRef = 7199932F259E7A8F0000AA26 /* AppDelegate.swift */; };
		71999332259E7A8F0000AA26 /* SceneDelegate.swift in Sources */ = {isa = PBXBuildFile; fileRef = 71999331259E7A8F0000AA26 /* SceneDelegate.swift */; };
		71999334259E7A8F0000AA26 /* ViewController.swift in Sources */ = {isa = PBXBuildFile; fileRef = 71999333259E7A8F0000AA26 /* ViewController.swift */; };
		71999337259E7A8F0000AA26 /* Main.storyboard in Resources */ = {isa = PBXBuildFile; fileRef = 71999335259E7A8F0000AA26 /* Main.storyboard */; };
		71999339259E7A920000AA26 /* Assets.xcassets in Resources */ = {isa = PBXBuildFile; fileRef = 71999338259E7A920000AA26 /* Assets.xcassets */; };
		7199933C259E7A920000AA26 /* LaunchScreen.storyboard in Resources */ = {isa = PBXBuildFile; fileRef = 7199933A259E7A920000AA26 /* LaunchScreen.storyboard */; };
		7199934A259E7C710000AA26 /* AppCoordinator.swift in Sources */ = {isa = PBXBuildFile; fileRef = 71999349259E7C700000AA26 /* AppCoordinator.swift */; };
		7199934D259EB2A50000AA26 /* restaurants.json in Resources */ = {isa = PBXBuildFile; fileRef = 7199934C259EB2A50000AA26 /* restaurants.json */; };
		71999350259EB33D0000AA26 /* Restaurant.swift in Sources */ = {isa = PBXBuildFile; fileRef = 7199934F259EB33D0000AA26 /* Restaurant.swift */; };
		71999353259EB3D60000AA26 /* RestaurantService.swift in Sources */ = {isa = PBXBuildFile; fileRef = 71999352259EB3D60000AA26 /* RestaurantService.swift */; };
		71999356259EB6EF0000AA26 /* RestaurantListViewModel.swift in Sources */ = {isa = PBXBuildFile; fileRef = 71999355259EB6EF0000AA26 /* RestaurantListViewModel.swift */; };
		71999359259F3B430000AA26 /* RestaurantViewModel.swift in Sources */ = {isa = PBXBuildFile; fileRef = 71999358259F3B430000AA26 /* RestaurantViewModel.swift */; };
		EE2C6BFAB182192FC8385144 /* Pods_RxSwiftDemo.framework in Frameworks */ = {isa = PBXBuildFile; fileRef = 961CB4A4527685C3C31C6EC4 /* Pods_RxSwiftDemo.framework */; };
/* End PBXBuildFile section */

/* Begin PBXFileReference section */
		7199932C259E7A8F0000AA26 /* RxSwiftDemo.app */ = {isa = PBXFileReference; explicitFileType = wrapper.application; includeInIndex = 0; path = RxSwiftDemo.app; sourceTree = BUILT_PRODUCTS_DIR; };
		7199932F259E7A8F0000AA26 /* AppDelegate.swift */ = {isa = PBXFileReference; lastKnownFileType = sourcecode.swift; path = AppDelegate.swift; sourceTree = "<group>"; };
		71999331259E7A8F0000AA26 /* SceneDelegate.swift */ = {isa = PBXFileReference; lastKnownFileType = sourcecode.swift; path = SceneDelegate.swift; sourceTree = "<group>"; };
		71999333259E7A8F0000AA26 /* ViewController.swift */ = {isa = PBXFileReference; lastKnownFileType = sourcecode.swift; path = ViewController.swift; sourceTree = "<group>"; };
		71999336259E7A8F0000AA26 /* Base */ = {isa = PBXFileReference; lastKnownFileType = file.storyboard; name = Base; path = Base.lproj/Main.storyboard; sourceTree = "<group>"; };
		71999338259E7A920000AA26 /* Assets.xcassets */ = {isa = PBXFileReference; lastKnownFileType = folder.assetcatalog; path = Assets.xcassets; sourceTree = "<group>"; };
		7199933B259E7A920000AA26 /* Base */ = {isa = PBXFileReference; lastKnownFileType = file.storyboard; name = Base; path = Base.lproj/LaunchScreen.storyboard; sourceTree = "<group>"; };
		7199933D259E7A920000AA26 /* Info.plist */ = {isa = PBXFileReference; lastKnownFileType = text.plist.xml; path = Info.plist; sourceTree = "<group>"; };
		71999349259E7C700000AA26 /* AppCoordinator.swift */ = {isa = PBXFileReference; lastKnownFileType = sourcecode.swift; path = AppCoordinator.swift; sourceTree = "<group>"; };
		7199934C259EB2A50000AA26 /* restaurants.json */ = {isa = PBXFileReference; lastKnownFileType = text.json; path = restaurants.json; sourceTree = "<group>"; };
		7199934F259EB33D0000AA26 /* Restaurant.swift */ = {isa = PBXFileReference; lastKnownFileType = sourcecode.swift; path = Restaurant.swift; sourceTree = "<group>"; };
		71999352259EB3D60000AA26 /* RestaurantService.swift */ = {isa = PBXFileReference; lastKnownFileType = sourcecode.swift; path = RestaurantService.swift; sourceTree = "<group>"; };
		71999355259EB6EF0000AA26 /* RestaurantListViewModel.swift */ = {isa = PBXFileReference; lastKnownFileType = sourcecode.swift; path = RestaurantListViewModel.swift; sourceTree = "<group>"; };
		71999358259F3B430000AA26 /* RestaurantViewModel.swift */ = {isa = PBXFileReference; lastKnownFileType = sourcecode.swift; path = RestaurantViewModel.swift; sourceTree = "<group>"; };
		755285AFEE2BAB44FAC47DA5 /* Pods-RxSwiftDemo.debug.xcconfig */ = {isa = PBXFileReference; includeInIndex = 1; lastKnownFileType = text.xcconfig; name = "Pods-RxSwiftDemo.debug.xcconfig"; path = "Target Support Files/Pods-RxSwiftDemo/Pods-RxSwiftDemo.debug.xcconfig"; sourceTree = "<group>"; };
		926055353BBAFDF335C5DAB3 /* Pods-RxSwiftDemo.release.xcconfig */ = {isa = PBXFileReference; includeInIndex = 1; lastKnownFileType = text.xcconfig; name = "Pods-RxSwiftDemo.release.xcconfig"; path = "Target Support Files/Pods-RxSwiftDemo/Pods-RxSwiftDemo.release.xcconfig"; sourceTree = "<group>"; };
		961CB4A4527685C3C31C6EC4 /* Pods_RxSwiftDemo.framework */ = {isa = PBXFileReference; explicitFileType = wrapper.framework; includeInIndex = 0; path = Pods_RxSwiftDemo.framework; sourceTree = BUILT_PRODUCTS_DIR; };
/* End PBXFileReference section */

/* Begin PBXFrameworksBuildPhase section */
		71999329259E7A8F0000AA26 /* Frameworks */ = {
			isa = PBXFrameworksBuildPhase;
			buildActionMask = 2147483647;
			files = (
				EE2C6BFAB182192FC8385144 /* Pods_RxSwiftDemo.framework in Frameworks */,
			);
			runOnlyForDeploymentPostprocessing = 0;
		};
/* End PBXFrameworksBuildPhase section */

/* Begin PBXGroup section */
		71999323259E7A8F0000AA26 = {
			isa = PBXGroup;
			children = (
				7199932E259E7A8F0000AA26 /* RxSwiftDemo */,
				7199932D259E7A8F0000AA26 /* Products */,
				BF5A5E5A3717B22AD909B2C8 /* Pods */,
				DF0FDDD88B373CFBB0060896 /* Frameworks */,
			);
			sourceTree = "<group>";
		};
		7199932D259E7A8F0000AA26 /* Products */ = {
			isa = PBXGroup;
			children = (
				7199932C259E7A8F0000AA26 /* RxSwiftDemo.app */,
			);
			name = Products;
			sourceTree = "<group>";
		};
		7199932E259E7A8F0000AA26 /* RxSwiftDemo */ = {
			isa = PBXGroup;
			children = (
				7199932F259E7A8F0000AA26 /* AppDelegate.swift */,
				71999331259E7A8F0000AA26 /* SceneDelegate.swift */,
				71999333259E7A8F0000AA26 /* ViewController.swift */,
				71999335259E7A8F0000AA26 /* Main.storyboard */,
				71999338259E7A920000AA26 /* Assets.xcassets */,
				7199933A259E7A920000AA26 /* LaunchScreen.storyboard */,
				7199933D259E7A920000AA26 /* Info.plist */,
				71999349259E7C700000AA26 /* AppCoordinator.swift */,
				7199934C259EB2A50000AA26 /* restaurants.json */,
				7199934F259EB33D0000AA26 /* Restaurant.swift */,
				71999352259EB3D60000AA26 /* RestaurantService.swift */,
				71999355259EB6EF0000AA26 /* RestaurantListViewModel.swift */,
				71999358259F3B430000AA26 /* RestaurantViewModel.swift */,
			);
			path = RxSwiftDemo;
			sourceTree = "<group>";
		};
		BF5A5E5A3717B22AD909B2C8 /* Pods */ = {
			isa = PBXGroup;
			children = (
				755285AFEE2BAB44FAC47DA5 /* Pods-RxSwiftDemo.debug.xcconfig */,
				926055353BBAFDF335C5DAB3 /* Pods-RxSwiftDemo.release.xcconfig */,
			);
			path = Pods;
			sourceTree = "<group>";
		};
		DF0FDDD88B373CFBB0060896 /* Frameworks */ = {
			isa = PBXGroup;
			children = (
				961CB4A4527685C3C31C6EC4 /* Pods_RxSwiftDemo.framework */,
			);
			name = Frameworks;
			sourceTree = "<group>";
		};
/* End PBXGroup section */

/* Begin PBXNativeTarget section */
		7199932B259E7A8F0000AA26 /* RxSwiftDemo */ = {
			isa = PBXNativeTarget;
			buildConfigurationList = 71999340259E7A920000AA26 /* Build configuration list for PBXNativeTarget "RxSwiftDemo" */;
			buildPhases = (
				5C270120E78E8BE1C7E6AB3E /* [CP] Check Pods Manifest.lock */,
				71999328259E7A8F0000AA26 /* Sources */,
				71999329259E7A8F0000AA26 /* Frameworks */,
				7199932A259E7A8F0000AA26 /* Resources */,
				C876EB82A305649592071D0B /* [CP] Embed Pods Frameworks */,
			);
			buildRules = (
			);
			dependencies = (
			);
			name = RxSwiftDemo;
			productName = RxSwiftDemo;
			productReference = 7199932C259E7A8F0000AA26 /* RxSwiftDemo.app */;
			productType = "com.apple.product-type.application";
		};
/* End PBXNativeTarget section */

/* Begin PBXProject section */
		71999324259E7A8F0000AA26 /* Project object */ = {
			isa = PBXProject;
			attributes = {
				LastSwiftUpdateCheck = 1230;
				LastUpgradeCheck = 1230;
				TargetAttributes = {
					7199932B259E7A8F0000AA26 = {
						CreatedOnToolsVersion = 12.3;
					};
				};
			};
			buildConfigurationList = 71999327259E7A8F0000AA26 /* Build configuration list for PBXProject "RxSwiftDemo" */;
			compatibilityVersion = "Xcode 9.3";
			developmentRegion = en;
			hasScannedForEncodings = 0;
			knownRegions = (
				en,
				Base,
			);
			mainGroup = 71999323259E7A8F0000AA26;
			productRefGroup = 7199932D259E7A8F0000AA26 /* Products */;
			projectDirPath = "";
			projectRoot = "";
			targets = (
				7199932B259E7A8F0000AA26 /* RxSwiftDemo */,
			);
		};
/* End PBXProject section */

/* Begin PBXResourcesBuildPhase section */
		7199932A259E7A8F0000AA26 /* Resources */ = {
			isa = PBXResourcesBuildPhase;
			buildActionMask = 2147483647;
			files = (
				7199934D259EB2A50000AA26 /* restaurants.json in Resources */,
				7199933C259E7A920000AA26 /* LaunchScreen.storyboard in Resources */,
				71999339259E7A920000AA26 /* Assets.xcassets in Resources */,
				71999337259E7A8F0000AA26 /* Main.storyboard in Resources */,
			);
			runOnlyForDeploymentPostprocessing = 0;
		};
/* End PBXResourcesBuildPhase section */

/* Begin PBXShellScriptBuildPhase section */
		5C270120E78E8BE1C7E6AB3E /* [CP] Check Pods Manifest.lock */ = {
			isa = PBXShellScriptBuildPhase;
			buildActionMask = 2147483647;
			files = (
			);
			inputFileListPaths = (
			);
			inputPaths = (
				"${PODS_PODFILE_DIR_PATH}/Podfile.lock",
				"${PODS_ROOT}/Manifest.lock",
			);
			name = "[CP] Check Pods Manifest.lock";
			outputFileListPaths = (
			);
			outputPaths = (
				"$(DERIVED_FILE_DIR)/Pods-RxSwiftDemo-checkManifestLockResult.txt",
			);
			runOnlyForDeploymentPostprocessing = 0;
			shellPath = /bin/sh;
			shellScript = "diff \"${PODS_PODFILE_DIR_PATH}/Podfile.lock\" \"${PODS_ROOT}/Manifest.lock\" > /dev/null\nif [ $? != 0 ] ; then\n    # print error to STDERR\n    echo \"error: The sandbox is not in sync with the Podfile.lock. Run 'pod install' or update your CocoaPods installation.\" >&2\n    exit 1\nfi\n# This output is used by Xcode 'outputs' to avoid re-running this script phase.\necho \"SUCCESS\" > \"${SCRIPT_OUTPUT_FILE_0}\"\n";
			showEnvVarsInLog = 0;
		};
		C876EB82A305649592071D0B /* [CP] Embed Pods Frameworks */ = {
			isa = PBXShellScriptBuildPhase;
			buildActionMask = 2147483647;
			files = (
			);
			inputFileListPaths = (
				"${PODS_ROOT}/Target Support Files/Pods-RxSwiftDemo/Pods-RxSwiftDemo-frameworks-${CONFIGURATION}-input-files.xcfilelist",
			);
			name = "[CP] Embed Pods Frameworks";
			outputFileListPaths = (
				"${PODS_ROOT}/Target Support Files/Pods-RxSwiftDemo/Pods-RxSwiftDemo-frameworks-${CONFIGURATION}-output-files.xcfilelist",
			);
			runOnlyForDeploymentPostprocessing = 0;
			shellPath = /bin/sh;
			shellScript = "\"${PODS_ROOT}/Target Support Files/Pods-RxSwiftDemo/Pods-RxSwiftDemo-frameworks.sh\"\n";
			showEnvVarsInLog = 0;
		};
/* End PBXShellScriptBuildPhase section */

/* Begin PBXSourcesBuildPhase section */
		71999328259E7A8F0000AA26 /* Sources */ = {
			isa = PBXSourcesBuildPhase;
			buildActionMask = 2147483647;
			files = (
				71999350259EB33D0000AA26 /* Restaurant.swift in Sources */,
				71999359259F3B430000AA26 /* RestaurantViewModel.swift in Sources */,
				7199934A259E7C710000AA26 /* AppCoordinator.swift in Sources */,
				71999356259EB6EF0000AA26 /* RestaurantListViewModel.swift in Sources */,
				71999334259E7A8F0000AA26 /* ViewController.swift in Sources */,
				71999330259E7A8F0000AA26 /* AppDelegate.swift in Sources */,
				71999353259EB3D60000AA26 /* RestaurantService.swift in Sources */,
				71999332259E7A8F0000AA26 /* SceneDelegate.swift in Sources */,
			);
			runOnlyForDeploymentPostprocessing = 0;
		};
/* End PBXSourcesBuildPhase section */

/* Begin PBXVariantGroup section */
		71999335259E7A8F0000AA26 /* Main.storyboard */ = {
			isa = PBXVariantGroup;
			children = (
				71999336259E7A8F0000AA26 /* Base */,
			);
			name = Main.storyboard;
			sourceTree = "<group>";
		};
		7199933A259E7A920000AA26 /* LaunchScreen.storyboard */ = {
			isa = PBXVariantGroup;
			children = (
				7199933B259E7A920000AA26 /* Base */,
			);
			name = LaunchScreen.storyboard;
			sourceTree = "<group>";
		};
/* End PBXVariantGroup section */

/* Begin XCBuildConfiguration section */
		7199933E259E7A920000AA26 /* Debug */ = {
			isa = XCBuildConfiguration;
			buildSettings = {
				ALWAYS_SEARCH_USER_PATHS = NO;
				CLANG_ANALYZER_NONNULL = YES;
				CLANG_ANALYZER_NUMBER_OBJECT_CONVERSION = YES_AGGRESSIVE;
				CLANG_CXX_LANGUAGE_STANDARD = "gnu++14";
				CLANG_CXX_LIBRARY = "libc++";
				CLANG_ENABLE_MODULES = YES;
				CLANG_ENABLE_OBJC_ARC = YES;
				CLANG_ENABLE_OBJC_WEAK = YES;
				CLANG_WARN_BLOCK_CAPTURE_AUTORELEASING = YES;
				CLANG_WARN_BOOL_CONVERSION = YES;
				CLANG_WARN_COMMA = YES;
				CLANG_WARN_CONSTANT_CONVERSION = YES;
				CLANG_WARN_DEPRECATED_OBJC_IMPLEMENTATIONS = YES;
				CLANG_WARN_DIRECT_OBJC_ISA_USAGE = YES_ERROR;
				CLANG_WARN_DOCUMENTATION_COMMENTS = YES;
				CLANG_WARN_EMPTY_BODY = YES;
				CLANG_WARN_ENUM_CONVERSION = YES;
				CLANG_WARN_INFINITE_RECURSION = YES;
				CLANG_WARN_INT_CONVERSION = YES;
				CLANG_WARN_NON_LITERAL_NULL_CONVERSION = YES;
				CLANG_WARN_OBJC_IMPLICIT_RETAIN_SELF = YES;
				CLANG_WARN_OBJC_LITERAL_CONVERSION = YES;
				CLANG_WARN_OBJC_ROOT_CLASS = YES_ERROR;
				CLANG_WARN_QUOTED_INCLUDE_IN_FRAMEWORK_HEADER = YES;
				CLANG_WARN_RANGE_LOOP_ANALYSIS = YES;
				CLANG_WARN_STRICT_PROTOTYPES = YES;
				CLANG_WARN_SUSPICIOUS_MOVE = YES;
				CLANG_WARN_UNGUARDED_AVAILABILITY = YES_AGGRESSIVE;
				CLANG_WARN_UNREACHABLE_CODE = YES;
				CLANG_WARN__DUPLICATE_METHOD_MATCH = YES;
				COPY_PHASE_STRIP = NO;
				DEBUG_INFORMATION_FORMAT = dwarf;
				ENABLE_STRICT_OBJC_MSGSEND = YES;
				ENABLE_TESTABILITY = YES;
				GCC_C_LANGUAGE_STANDARD = gnu11;
				GCC_DYNAMIC_NO_PIC = NO;
				GCC_NO_COMMON_BLOCKS = YES;
				GCC_OPTIMIZATION_LEVEL = 0;
				GCC_PREPROCESSOR_DEFINITIONS = (
					"DEBUG=1",
					"$(inherited)",
				);
				GCC_WARN_64_TO_32_BIT_CONVERSION = YES;
				GCC_WARN_ABOUT_RETURN_TYPE = YES_ERROR;
				GCC_WARN_UNDECLARED_SELECTOR = YES;
				GCC_WARN_UNINITIALIZED_AUTOS = YES_AGGRESSIVE;
				GCC_WARN_UNUSED_FUNCTION = YES;
				GCC_WARN_UNUSED_VARIABLE = YES;
				IPHONEOS_DEPLOYMENT_TARGET = 14.3;
				MTL_ENABLE_DEBUG_INFO = INCLUDE_SOURCE;
				MTL_FAST_MATH = YES;
				ONLY_ACTIVE_ARCH = YES;
				SDKROOT = iphoneos;
				SWIFT_ACTIVE_COMPILATION_CONDITIONS = DEBUG;
				SWIFT_OPTIMIZATION_LEVEL = "-Onone";
			};
			name = Debug;
		};
		7199933F259E7A920000AA26 /* Release */ = {
			isa = XCBuildConfiguration;
			buildSettings = {
				ALWAYS_SEARCH_USER_PATHS = NO;
				CLANG_ANALYZER_NONNULL = YES;
				CLANG_ANALYZER_NUMBER_OBJECT_CONVERSION = YES_AGGRESSIVE;
				CLANG_CXX_LANGUAGE_STANDARD = "gnu++14";
				CLANG_CXX_LIBRARY = "libc++";
				CLANG_ENABLE_MODULES = YES;
				CLANG_ENABLE_OBJC_ARC = YES;
				CLANG_ENABLE_OBJC_WEAK = YES;
				CLANG_WARN_BLOCK_CAPTURE_AUTORELEASING = YES;
				CLANG_WARN_BOOL_CONVERSION = YES;
				CLANG_WARN_COMMA = YES;
				CLANG_WARN_CONSTANT_CONVERSION = YES;
				CLANG_WARN_DEPRECATED_OBJC_IMPLEMENTATIONS = YES;
				CLANG_WARN_DIRECT_OBJC_ISA_USAGE = YES_ERROR;
				CLANG_WARN_DOCUMENTATION_COMMENTS = YES;
				CLANG_WARN_EMPTY_BODY = YES;
				CLANG_WARN_ENUM_CONVERSION = YES;
				CLANG_WARN_INFINITE_RECURSION = YES;
				CLANG_WARN_INT_CONVERSION = YES;
				CLANG_WARN_NON_LITERAL_NULL_CONVERSION = YES;
				CLANG_WARN_OBJC_IMPLICIT_RETAIN_SELF = YES;
				CLANG_WARN_OBJC_LITERAL_CONVERSION = YES;
				CLANG_WARN_OBJC_ROOT_CLASS = YES_ERROR;
				CLANG_WARN_QUOTED_INCLUDE_IN_FRAMEWORK_HEADER = YES;
				CLANG_WARN_RANGE_LOOP_ANALYSIS = YES;
				CLANG_WARN_STRICT_PROTOTYPES = YES;
				CLANG_WARN_SUSPICIOUS_MOVE = YES;
				CLANG_WARN_UNGUARDED_AVAILABILITY = YES_AGGRESSIVE;
				CLANG_WARN_UNREACHABLE_CODE = YES;
				CLANG_WARN__DUPLICATE_METHOD_MATCH = YES;
				COPY_PHASE_STRIP = NO;
				DEBUG_INFORMATION_FORMAT = "dwarf-with-dsym";
				ENABLE_NS_ASSERTIONS = NO;
				ENABLE_STRICT_OBJC_MSGSEND = YES;
				GCC_C_LANGUAGE_STANDARD = gnu11;
				GCC_NO_COMMON_BLOCKS = YES;
				GCC_WARN_64_TO_32_BIT_CONVERSION = YES;
				GCC_WARN_ABOUT_RETURN_TYPE = YES_ERROR;
				GCC_WARN_UNDECLARED_SELECTOR = YES;
				GCC_WARN_UNINITIALIZED_AUTOS = YES_AGGRESSIVE;
				GCC_WARN_UNUSED_FUNCTION = YES;
				GCC_WARN_UNUSED_VARIABLE = YES;
				IPHONEOS_DEPLOYMENT_TARGET = 14.3;
				MTL_ENABLE_DEBUG_INFO = NO;
				MTL_FAST_MATH = YES;
				SDKROOT = iphoneos;
				SWIFT_COMPILATION_MODE = wholemodule;
				SWIFT_OPTIMIZATION_LEVEL = "-O";
				VALIDATE_PRODUCT = YES;
			};
			name = Release;
		};
		71999341259E7A920000AA26 /* Debug */ = {
			isa = XCBuildConfiguration;
			baseConfigurationReference = 755285AFEE2BAB44FAC47DA5 /* Pods-RxSwiftDemo.debug.xcconfig */;
			buildSettings = {
				ASSETCATALOG_COMPILER_APPICON_NAME = AppIcon;
				ASSETCATALOG_COMPILER_GLOBAL_ACCENT_COLOR_NAME = AccentColor;
				CODE_SIGN_STYLE = Automatic;
				INFOPLIST_FILE = RxSwiftDemo/Info.plist;
				LD_RUNPATH_SEARCH_PATHS = (
					"$(inherited)",
					"@executable_path/Frameworks",
				);
				PRODUCT_BUNDLE_IDENTIFIER = Zepiah.RxSwiftDemo;
				PRODUCT_NAME = "$(TARGET_NAME)";
				SWIFT_VERSION = 5.0;
				TARGETED_DEVICE_FAMILY = "1,2";
			};
			name = Debug;
		};
		71999342259E7A920000AA26 /* Release */ = {
			isa = XCBuildConfiguration;
			baseConfigurationReference = 926055353BBAFDF335C5DAB3 /* Pods-RxSwiftDemo.release.xcconfig */;
			buildSettings = {
				ASSETCATALOG_COMPILER_APPICON_NAME = AppIcon;
				ASSETCATALOG_COMPILER_GLOBAL_ACCENT_COLOR_NAME = AccentColor;
				CODE_SIGN_STYLE = Automatic;
				INFOPLIST_FILE = RxSwiftDemo/Info.plist;
				LD_RUNPATH_SEARCH_PATHS = (
					"$(inherited)",
					"@executable_path/Frameworks",
				);
				PRODUCT_BUNDLE_IDENTIFIER = Zepiah.RxSwiftDemo;
				PRODUCT_NAME = "$(TARGET_NAME)";
				SWIFT_VERSION = 5.0;
				TARGETED_DEVICE_FAMILY = "1,2";
			};
			name = Release;
		};
/* End XCBuildConfiguration section */

/* Begin XCConfigurationList section */
		71999327259E7A8F0000AA26 /* Build configuration list for PBXProject "RxSwiftDemo" */ = {
			isa = XCConfigurationList;
			buildConfigurations = (
				7199933E259E7A920000AA26 /* Debug */,
				7199933F259E7A920000AA26 /* Release */,
			);
			defaultConfigurationIsVisible = 0;
			defaultConfigurationName = Release;
		};
		71999340259E7A920000AA26 /* Build configuration list for PBXNativeTarget "RxSwiftDemo" */ = {
			isa = XCConfigurationList;
			buildConfigurations = (
				71999341259E7A920000AA26 /* Debug */,
				71999342259E7A920000AA26 /* Release */,
			);
			defaultConfigurationIsVisible = 0;
			defaultConfigurationName = Release;
		};
/* End XCConfigurationList section */
	};
	rootObject = 71999324259E7A8F0000AA26 /* Project object */;
}
